
Microsoft Visual Studio Solution File, Format Version 12.00
# Visual Studio Version 16
VisualStudioVersion = 16.0.31019.35
MinimumVisualStudioVersion = 10.0.40219.1
Project("{FAE04EC0-301F-11D3-BF4B-00C04F79EFBC}") = "Decision_Making_with_different_Method", "Decision_Making_with_different_Method\Decision_Making_with_different_Method.csproj", "{A910FDFD-7812-4857-974C-9C9149774F29}"
EndProject
Global
	GlobalSection(SolutionConfigurationPlatforms) = preSolution
		Debug|Any CPU = Debug|Any CPU
		Release|Any CPU = Release|Any CPU
	EndGlobalSection
	GlobalSection(ProjectConfigurationPlatforms) = postSolution
		{A910FDFD-7812-4857-974C-9C9149774F29}.Debug|Any CPU.ActiveCfg = Debug|Any CPU
		{A910FDFD-7812-4857-974C-9C9149774F29}.Debug|Any CPU.Build.0 = Debug|Any CPU
		{A910FDFD-7812-4857-974C-9C9149774F29}.Release|Any CPU.ActiveCfg = Release|Any CPU
		{A910FDFD-7812-4857-974C-9C9149774F29}.Release|Any CPU.Build.0 = Release|Any CPU
	EndGlobalSection
	GlobalSection(SolutionProperties) = preSolution
		HideSolutionNode = FALSE
	EndGlobalSection
	GlobalSection(ExtensibilityGlobals) = postSolution
		SolutionGuid = {62A0215D-D1F8-4732-8515-CD8319AA0526}
	EndGlobalSection
EndGlobal
